
Microsoft Visual Studio Solution File, Format Version 12.00
# Visual Studio 2015
Project("{FAE04EC0-301F-11D3-BF4B-00C04F79EFBC}") = "ProtoWorld.CSharp.Plugins", "ProtoWorld.CSharp.Plugins.csproj", "{F7CF5A49-C9B8-D11E-2831-3325AAA1D499}"
EndProject
Project("{FAE04EC0-301F-11D3-BF4B-00C04F79EFBC}") = "ProtoWorld.CSharp", "ProtoWorld.CSharp.csproj", "{C49473D7-76E5-8626-288E-482E8679FF32}"
EndProject
Project("{FAE04EC0-301F-11D3-BF4B-00C04F79EFBC}") = "ProtoWorld.CSharp.Editor", "ProtoWorld.CSharp.Editor.csproj", "{96E6BC7C-6C4A-4817-8CD6-3BAC74271C71}"
EndProject
Global
	GlobalSection(SolutionConfigurationPlatforms) = preSolution
		Debug|Any CPU = Debug|Any CPU
		Release|Any CPU = Release|Any CPU
	EndGlobalSection
	GlobalSection(ProjectConfigurationPlatforms) = postSolution
		{F7CF5A49-C9B8-D11E-2831-3325AAA1D499}.Debug|Any CPU.ActiveCfg = Debug|Any CPU
		{F7CF5A49-C9B8-D11E-2831-3325AAA1D499}.Debug|Any CPU.Build.0 = Debug|Any CPU
		{F7CF5A49-C9B8-D11E-2831-3325AAA1D499}.Release|Any CPU.ActiveCfg = Release|Any CPU
		{F7CF5A49-C9B8-D11E-2831-3325AAA1D499}.Release|Any CPU.Build.0 = Release|Any CPU
		{C49473D7-76E5-8626-288E-482E8679FF32}.Debug|Any CPU.ActiveCfg = Debug|Any CPU
		{C49473D7-76E5-8626-288E-482E8679FF32}.Debug|Any CPU.Build.0 = Debug|Any CPU
		{C49473D7-76E5-8626-288E-482E8679FF32}.Release|Any CPU.ActiveCfg = Release|Any CPU
		{C49473D7-76E5-8626-288E-482E8679FF32}.Release|Any CPU.Build.0 = Release|Any CPU
		{96E6BC7C-6C4A-4817-8CD6-3BAC74271C71}.Debug|Any CPU.ActiveCfg = Debug|Any CPU
		{96E6BC7C-6C4A-4817-8CD6-3BAC74271C71}.Debug|Any CPU.Build.0 = Debug|Any CPU
		{96E6BC7C-6C4A-4817-8CD6-3BAC74271C71}.Release|Any CPU.ActiveCfg = Release|Any CPU
		{96E6BC7C-6C4A-4817-8CD6-3BAC74271C71}.Release|Any CPU.Build.0 = Release|Any CPU
	EndGlobalSection
	GlobalSection(SolutionProperties) = preSolution
		HideSolutionNode = FALSE
	EndGlobalSection
EndGlobal
