
Microsoft Visual Studio Solution File, Format Version 12.00
# Visual Studio 2013
VisualStudioVersion = 12.0.31101.0
MinimumVisualStudioVersion = 10.0.40219.1
Project("{FAE04EC0-301F-11D3-BF4B-00C04F79EFBC}") = "SumoTrafficGenerator", "SumoTrafficGenerator\SumoTrafficGenerator.csproj", "{EB9C0D9E-14CC-4DA6-9CD6-8D2A2B6EE09C}"
EndProject
Global
	GlobalSection(SolutionConfigurationPlatforms) = preSolution
		Debug|Any CPU = Debug|Any CPU
		Release|Any CPU = Release|Any CPU
	EndGlobalSection
	GlobalSection(ProjectConfigurationPlatforms) = postSolution
		{EB9C0D9E-14CC-4DA6-9CD6-8D2A2B6EE09C}.Debug|Any CPU.ActiveCfg = Debug|Any CPU
		{EB9C0D9E-14CC-4DA6-9CD6-8D2A2B6EE09C}.Debug|Any CPU.Build.0 = Debug|Any CPU
		{EB9C0D9E-14CC-4DA6-9CD6-8D2A2B6EE09C}.Release|Any CPU.ActiveCfg = Release|Any CPU
		{EB9C0D9E-14CC-4DA6-9CD6-8D2A2B6EE09C}.Release|Any CPU.Build.0 = Release|Any CPU
	EndGlobalSection
	GlobalSection(SolutionProperties) = preSolution
		HideSolutionNode = FALSE
	EndGlobalSection
EndGlobal
