
Microsoft Visual Studio Solution File, Format Version 12.00
# Visual Studio 14
VisualStudioVersion = 14.0.25420.1
MinimumVisualStudioVersion = 10.0.40219.1
Project("{FAE04EC0-301F-11D3-BF4B-00C04F79EFBC}") = "AramOSMParser", "AramOSMParser\AramOSMParser.csproj", "{A6B1CCFE-2094-4B1E-80FF-F1A6E3613BC0}"
EndProject
Project("{FAE04EC0-301F-11D3-BF4B-00C04F79EFBC}") = "Osm Parser Test Application", "OsmParserTestApplication\Osm Parser Test Application.csproj", "{15039CA4-9CC1-4662-8DBB-90B3B2A5F6A6}"
	ProjectSection(ProjectDependencies) = postProject
		{9501B855-9124-446A-99EF-143BB078E19C} = {9501B855-9124-446A-99EF-143BB078E19C}
	EndProjectSection
EndProject
Project("{FAE04EC0-301F-11D3-BF4B-00C04F79EFBC}") = "GapslabWCFservice", "GapslabWCFservice\GapslabWCFservice.csproj", "{9501B855-9124-446A-99EF-143BB078E19C}"
EndProject
Project("{FAE04EC0-301F-11D3-BF4B-00C04F79EFBC}") = "Openstreetmap Road Network Generator", "Openstreetmap Road Network Generator\Openstreetmap Road Network Generator.csproj", "{1F0AEB56-1E91-4473-A96F-38301C3E7360}"
EndProject
Project("{FAE04EC0-301F-11D3-BF4B-00C04F79EFBC}") = "GaPSlabsSimulationLibrary", "GaPSlabsSimulationLibrary\GaPSlabsSimulationLibrary.csproj", "{2E5B4BC2-A7AC-4F58-8146-7ACED2AF1914}"
EndProject
Project("{FAE04EC0-301F-11D3-BF4B-00C04F79EFBC}") = "SUMO Packet Listener TEST", "SUMO Packet Listener TEST\SUMO Packet Listener TEST.csproj", "{2F7FC670-CAA9-4529-ADAB-BF008247F47E}"
EndProject
Project("{FAE04EC0-301F-11D3-BF4B-00C04F79EFBC}") = "OSM Populate database", "OSM Populate database\OSM Populate database.csproj", "{3CCF7185-8A88-4570-AC97-04FB781F4C0F}"
	ProjectSection(ProjectDependencies) = postProject
		{9501B855-9124-446A-99EF-143BB078E19C} = {9501B855-9124-446A-99EF-143BB078E19C}
	EndProjectSection
EndProject
Project("{FAE04EC0-301F-11D3-BF4B-00C04F79EFBC}") = "Trafiklab", "Trafiklab\Trafiklab.csproj", "{5698C158-CC56-4FBC-9480-D87E684D8B34}"
EndProject
Project("{FAE04EC0-301F-11D3-BF4B-00C04F79EFBC}") = "Npgsql", "Npgsql\Npgsql.csproj", "{9D13B739-62B1-4190-B386-7A9547304EB3}"
EndProject
Project("{FAE04EC0-301F-11D3-BF4B-00C04F79EFBC}") = "OSM 3D City Generator", "OSM 3D City Generator\OSM 3D City Generator.csproj", "{4338E137-2C5C-42B1-9835-650E4DA7BBC8}"
EndProject
Project("{FAE04EC0-301F-11D3-BF4B-00C04F79EFBC}") = "GaPSLabsGeometry", "GaPSLabsGeometry\GaPSLabsGeometry.csproj", "{C6FE84E6-59F7-43A1-93E7-251457220788}"
EndProject
Global
	GlobalSection(SolutionConfigurationPlatforms) = preSolution
		Debug|Any CPU = Debug|Any CPU
		Debug|Mixed Platforms = Debug|Mixed Platforms
		Debug|x86 = Debug|x86
		Debug-net20|Any CPU = Debug-net20|Any CPU
		Debug-net20|Mixed Platforms = Debug-net20|Mixed Platforms
		Debug-net20|x86 = Debug-net20|x86
		Debug-net35|Any CPU = Debug-net35|Any CPU
		Debug-net35|Mixed Platforms = Debug-net35|Mixed Platforms
		Debug-net35|x86 = Debug-net35|x86
		Debug-net40|Any CPU = Debug-net40|Any CPU
		Debug-net40|Mixed Platforms = Debug-net40|Mixed Platforms
		Debug-net40|x86 = Debug-net40|x86
		Debug-net45|Any CPU = Debug-net45|Any CPU
		Debug-net45|Mixed Platforms = Debug-net45|Mixed Platforms
		Debug-net45|x86 = Debug-net45|x86
		Release|Any CPU = Release|Any CPU
		Release|Mixed Platforms = Release|Mixed Platforms
		Release|x86 = Release|x86
		Release-net20|Any CPU = Release-net20|Any CPU
		Release-net20|Mixed Platforms = Release-net20|Mixed Platforms
		Release-net20|x86 = Release-net20|x86
		Release-net35|Any CPU = Release-net35|Any CPU
		Release-net35|Mixed Platforms = Release-net35|Mixed Platforms
		Release-net35|x86 = Release-net35|x86
		Release-net40|Any CPU = Release-net40|Any CPU
		Release-net40|Mixed Platforms = Release-net40|Mixed Platforms
		Release-net40|x86 = Release-net40|x86
		Release-net45|Any CPU = Release-net45|Any CPU
		Release-net45|Mixed Platforms = Release-net45|Mixed Platforms
		Release-net45|x86 = Release-net45|x86
	EndGlobalSection
	GlobalSection(ProjectConfigurationPlatforms) = postSolution
		{A6B1CCFE-2094-4B1E-80FF-F1A6E3613BC0}.Debug|Any CPU.ActiveCfg = Debug|Any CPU
		{A6B1CCFE-2094-4B1E-80FF-F1A6E3613BC0}.Debug|Any CPU.Build.0 = Debug|Any CPU
		{A6B1CCFE-2094-4B1E-80FF-F1A6E3613BC0}.Debug|Mixed Platforms.ActiveCfg = Debug|x86
		{A6B1CCFE-2094-4B1E-80FF-F1A6E3613BC0}.Debug|Mixed Platforms.Build.0 = Debug|x86
		{A6B1CCFE-2094-4B1E-80FF-F1A6E3613BC0}.Debug|x86.ActiveCfg = Debug|x86
		{A6B1CCFE-2094-4B1E-80FF-F1A6E3613BC0}.Debug|x86.Build.0 = Debug|x86
		{A6B1CCFE-2094-4B1E-80FF-F1A6E3613BC0}.Debug-net20|Any CPU.ActiveCfg = Debug|Any CPU
		{A6B1CCFE-2094-4B1E-80FF-F1A6E3613BC0}.Debug-net20|Any CPU.Build.0 = Debug|Any CPU
		{A6B1CCFE-2094-4B1E-80FF-F1A6E3613BC0}.Debug-net20|Mixed Platforms.ActiveCfg = Debug|x86
		{A6B1CCFE-2094-4B1E-80FF-F1A6E3613BC0}.Debug-net20|Mixed Platforms.Build.0 = Debug|x86
		{A6B1CCFE-2094-4B1E-80FF-F1A6E3613BC0}.Debug-net20|x86.ActiveCfg = Debug|x86
		{A6B1CCFE-2094-4B1E-80FF-F1A6E3613BC0}.Debug-net20|x86.Build.0 = Debug|x86
		{A6B1CCFE-2094-4B1E-80FF-F1A6E3613BC0}.Debug-net35|Any CPU.ActiveCfg = Debug|Any CPU
		{A6B1CCFE-2094-4B1E-80FF-F1A6E3613BC0}.Debug-net35|Any CPU.Build.0 = Debug|Any CPU
		{A6B1CCFE-2094-4B1E-80FF-F1A6E3613BC0}.Debug-net35|Mixed Platforms.ActiveCfg = Debug|x86
		{A6B1CCFE-2094-4B1E-80FF-F1A6E3613BC0}.Debug-net35|Mixed Platforms.Build.0 = Debug|x86
		{A6B1CCFE-2094-4B1E-80FF-F1A6E3613BC0}.Debug-net35|x86.ActiveCfg = Debug|x86
		{A6B1CCFE-2094-4B1E-80FF-F1A6E3613BC0}.Debug-net35|x86.Build.0 = Debug|x86
		{A6B1CCFE-2094-4B1E-80FF-F1A6E3613BC0}.Debug-net40|Any CPU.ActiveCfg = Debug|Any CPU
		{A6B1CCFE-2094-4B1E-80FF-F1A6E3613BC0}.Debug-net40|Any CPU.Build.0 = Debug|Any CPU
		{A6B1CCFE-2094-4B1E-80FF-F1A6E3613BC0}.Debug-net40|Mixed Platforms.ActiveCfg = Debug|x86
		{A6B1CCFE-2094-4B1E-80FF-F1A6E3613BC0}.Debug-net40|Mixed Platforms.Build.0 = Debug|x86
		{A6B1CCFE-2094-4B1E-80FF-F1A6E3613BC0}.Debug-net40|x86.ActiveCfg = Debug|x86
		{A6B1CCFE-2094-4B1E-80FF-F1A6E3613BC0}.Debug-net40|x86.Build.0 = Debug|x86
		{A6B1CCFE-2094-4B1E-80FF-F1A6E3613BC0}.Debug-net45|Any CPU.ActiveCfg = Debug|Any CPU
		{A6B1CCFE-2094-4B1E-80FF-F1A6E3613BC0}.Debug-net45|Any CPU.Build.0 = Debug|Any CPU
		{A6B1CCFE-2094-4B1E-80FF-F1A6E3613BC0}.Debug-net45|Mixed Platforms.ActiveCfg = Debug|x86
		{A6B1CCFE-2094-4B1E-80FF-F1A6E3613BC0}.Debug-net45|Mixed Platforms.Build.0 = Debug|x86
		{A6B1CCFE-2094-4B1E-80FF-F1A6E3613BC0}.Debug-net45|x86.ActiveCfg = Debug|x86
		{A6B1CCFE-2094-4B1E-80FF-F1A6E3613BC0}.Debug-net45|x86.Build.0 = Debug|x86
		{A6B1CCFE-2094-4B1E-80FF-F1A6E3613BC0}.Release|Any CPU.ActiveCfg = Release|Any CPU
		{A6B1CCFE-2094-4B1E-80FF-F1A6E3613BC0}.Release|Any CPU.Build.0 = Release|Any CPU
		{A6B1CCFE-2094-4B1E-80FF-F1A6E3613BC0}.Release|Mixed Platforms.ActiveCfg = Release|x86
		{A6B1CCFE-2094-4B1E-80FF-F1A6E3613BC0}.Release|Mixed Platforms.Build.0 = Release|x86
		{A6B1CCFE-2094-4B1E-80FF-F1A6E3613BC0}.Release|x86.ActiveCfg = Release|x86
		{A6B1CCFE-2094-4B1E-80FF-F1A6E3613BC0}.Release|x86.Build.0 = Release|x86
		{A6B1CCFE-2094-4B1E-80FF-F1A6E3613BC0}.Release-net20|Any CPU.ActiveCfg = Release|Any CPU
		{A6B1CCFE-2094-4B1E-80FF-F1A6E3613BC0}.Release-net20|Any CPU.Build.0 = Release|Any CPU
		{A6B1CCFE-2094-4B1E-80FF-F1A6E3613BC0}.Release-net20|Mixed Platforms.ActiveCfg = Release|x86
		{A6B1CCFE-2094-4B1E-80FF-F1A6E3613BC0}.Release-net20|Mixed Platforms.Build.0 = Release|x86
		{A6B1CCFE-2094-4B1E-80FF-F1A6E3613BC0}.Release-net20|x86.ActiveCfg = Release|x86
		{A6B1CCFE-2094-4B1E-80FF-F1A6E3613BC0}.Release-net20|x86.Build.0 = Release|x86
		{A6B1CCFE-2094-4B1E-80FF-F1A6E3613BC0}.Release-net35|Any CPU.ActiveCfg = Release|Any CPU
		{A6B1CCFE-2094-4B1E-80FF-F1A6E3613BC0}.Release-net35|Any CPU.Build.0 = Release|Any CPU
		{A6B1CCFE-2094-4B1E-80FF-F1A6E3613BC0}.Release-net35|Mixed Platforms.ActiveCfg = Release|x86
		{A6B1CCFE-2094-4B1E-80FF-F1A6E3613BC0}.Release-net35|Mixed Platforms.Build.0 = Release|x86
		{A6B1CCFE-2094-4B1E-80FF-F1A6E3613BC0}.Release-net35|x86.ActiveCfg = Release|x86
		{A6B1CCFE-2094-4B1E-80FF-F1A6E3613BC0}.Release-net35|x86.Build.0 = Release|x86
		{A6B1CCFE-2094-4B1E-80FF-F1A6E3613BC0}.Release-net40|Any CPU.ActiveCfg = Release|Any CPU
		{A6B1CCFE-2094-4B1E-80FF-F1A6E3613BC0}.Release-net40|Any CPU.Build.0 = Release|Any CPU
		{A6B1CCFE-2094-4B1E-80FF-F1A6E3613BC0}.Release-net40|Mixed Platforms.ActiveCfg = Release|x86
		{A6B1CCFE-2094-4B1E-80FF-F1A6E3613BC0}.Release-net40|Mixed Platforms.Build.0 = Release|x86
		{A6B1CCFE-2094-4B1E-80FF-F1A6E3613BC0}.Release-net40|x86.ActiveCfg = Release|x86
		{A6B1CCFE-2094-4B1E-80FF-F1A6E3613BC0}.Release-net40|x86.Build.0 = Release|x86
		{A6B1CCFE-2094-4B1E-80FF-F1A6E3613BC0}.Release-net45|Any CPU.ActiveCfg = Release|Any CPU
		{A6B1CCFE-2094-4B1E-80FF-F1A6E3613BC0}.Release-net45|Any CPU.Build.0 = Release|Any CPU
		{A6B1CCFE-2094-4B1E-80FF-F1A6E3613BC0}.Release-net45|Mixed Platforms.ActiveCfg = Release|x86
		{A6B1CCFE-2094-4B1E-80FF-F1A6E3613BC0}.Release-net45|Mixed Platforms.Build.0 = Release|x86
		{A6B1CCFE-2094-4B1E-80FF-F1A6E3613BC0}.Release-net45|x86.ActiveCfg = Release|x86
		{A6B1CCFE-2094-4B1E-80FF-F1A6E3613BC0}.Release-net45|x86.Build.0 = Release|x86
		{15039CA4-9CC1-4662-8DBB-90B3B2A5F6A6}.Debug|Any CPU.ActiveCfg = Debug|Any CPU
		{15039CA4-9CC1-4662-8DBB-90B3B2A5F6A6}.Debug|Any CPU.Build.0 = Debug|Any CPU
		{15039CA4-9CC1-4662-8DBB-90B3B2A5F6A6}.Debug|Mixed Platforms.ActiveCfg = Debug|x86
		{15039CA4-9CC1-4662-8DBB-90B3B2A5F6A6}.Debug|Mixed Platforms.Build.0 = Debug|x86
		{15039CA4-9CC1-4662-8DBB-90B3B2A5F6A6}.Debug|x86.ActiveCfg = Debug|x86
		{15039CA4-9CC1-4662-8DBB-90B3B2A5F6A6}.Debug|x86.Build.0 = Debug|x86
		{15039CA4-9CC1-4662-8DBB-90B3B2A5F6A6}.Debug-net20|Any CPU.ActiveCfg = Debug|Any CPU
		{15039CA4-9CC1-4662-8DBB-90B3B2A5F6A6}.Debug-net20|Any CPU.Build.0 = Debug|Any CPU
		{15039CA4-9CC1-4662-8DBB-90B3B2A5F6A6}.Debug-net20|Mixed Platforms.ActiveCfg = Debug|x86
		{15039CA4-9CC1-4662-8DBB-90B3B2A5F6A6}.Debug-net20|Mixed Platforms.Build.0 = Debug|x86
		{15039CA4-9CC1-4662-8DBB-90B3B2A5F6A6}.Debug-net20|x86.ActiveCfg = Debug|x86
		{15039CA4-9CC1-4662-8DBB-90B3B2A5F6A6}.Debug-net20|x86.Build.0 = Debug|x86
		{15039CA4-9CC1-4662-8DBB-90B3B2A5F6A6}.Debug-net35|Any CPU.ActiveCfg = Debug|Any CPU
		{15039CA4-9CC1-4662-8DBB-90B3B2A5F6A6}.Debug-net35|Any CPU.Build.0 = Debug|Any CPU
		{15039CA4-9CC1-4662-8DBB-90B3B2A5F6A6}.Debug-net35|Mixed Platforms.ActiveCfg = Debug|x86
		{15039CA4-9CC1-4662-8DBB-90B3B2A5F6A6}.Debug-net35|Mixed Platforms.Build.0 = Debug|x86
		{15039CA4-9CC1-4662-8DBB-90B3B2A5F6A6}.Debug-net35|x86.ActiveCfg = Debug|x86
		{15039CA4-9CC1-4662-8DBB-90B3B2A5F6A6}.Debug-net35|x86.Build.0 = Debug|x86
		{15039CA4-9CC1-4662-8DBB-90B3B2A5F6A6}.Debug-net40|Any CPU.ActiveCfg = Debug|Any CPU
		{15039CA4-9CC1-4662-8DBB-90B3B2A5F6A6}.Debug-net40|Any CPU.Build.0 = Debug|Any CPU
		{15039CA4-9CC1-4662-8DBB-90B3B2A5F6A6}.Debug-net40|Mixed Platforms.ActiveCfg = Debug|x86
		{15039CA4-9CC1-4662-8DBB-90B3B2A5F6A6}.Debug-net40|Mixed Platforms.Build.0 = Debug|x86
		{15039CA4-9CC1-4662-8DBB-90B3B2A5F6A6}.Debug-net40|x86.ActiveCfg = Debug|x86
		{15039CA4-9CC1-4662-8DBB-90B3B2A5F6A6}.Debug-net40|x86.Build.0 = Debug|x86
		{15039CA4-9CC1-4662-8DBB-90B3B2A5F6A6}.Debug-net45|Any CPU.ActiveCfg = Debug|Any CPU
		{15039CA4-9CC1-4662-8DBB-90B3B2A5F6A6}.Debug-net45|Any CPU.Build.0 = Debug|Any CPU
		{15039CA4-9CC1-4662-8DBB-90B3B2A5F6A6}.Debug-net45|Mixed Platforms.ActiveCfg = Debug|x86
		{15039CA4-9CC1-4662-8DBB-90B3B2A5F6A6}.Debug-net45|Mixed Platforms.Build.0 = Debug|x86
		{15039CA4-9CC1-4662-8DBB-90B3B2A5F6A6}.Debug-net45|x86.ActiveCfg = Debug|x86
		{15039CA4-9CC1-4662-8DBB-90B3B2A5F6A6}.Debug-net45|x86.Build.0 = Debug|x86
		{15039CA4-9CC1-4662-8DBB-90B3B2A5F6A6}.Release|Any CPU.ActiveCfg = Release|Any CPU
		{15039CA4-9CC1-4662-8DBB-90B3B2A5F6A6}.Release|Any CPU.Build.0 = Release|Any CPU
		{15039CA4-9CC1-4662-8DBB-90B3B2A5F6A6}.Release|Mixed Platforms.ActiveCfg = Release|x86
		{15039CA4-9CC1-4662-8DBB-90B3B2A5F6A6}.Release|Mixed Platforms.Build.0 = Release|x86
		{15039CA4-9CC1-4662-8DBB-90B3B2A5F6A6}.Release|x86.ActiveCfg = Release|x86
		{15039CA4-9CC1-4662-8DBB-90B3B2A5F6A6}.Release|x86.Build.0 = Release|x86
		{15039CA4-9CC1-4662-8DBB-90B3B2A5F6A6}.Release-net20|Any CPU.ActiveCfg = Release|Any CPU
		{15039CA4-9CC1-4662-8DBB-90B3B2A5F6A6}.Release-net20|Any CPU.Build.0 = Release|Any CPU
		{15039CA4-9CC1-4662-8DBB-90B3B2A5F6A6}.Release-net20|Mixed Platforms.ActiveCfg = Release|x86
		{15039CA4-9CC1-4662-8DBB-90B3B2A5F6A6}.Release-net20|Mixed Platforms.Build.0 = Release|x86
		{15039CA4-9CC1-4662-8DBB-90B3B2A5F6A6}.Release-net20|x86.ActiveCfg = Release|x86
		{15039CA4-9CC1-4662-8DBB-90B3B2A5F6A6}.Release-net20|x86.Build.0 = Release|x86
		{15039CA4-9CC1-4662-8DBB-90B3B2A5F6A6}.Release-net35|Any CPU.ActiveCfg = Release|Any CPU
		{15039CA4-9CC1-4662-8DBB-90B3B2A5F6A6}.Release-net35|Any CPU.Build.0 = Release|Any CPU
		{15039CA4-9CC1-4662-8DBB-90B3B2A5F6A6}.Release-net35|Mixed Platforms.ActiveCfg = Release|x86
		{15039CA4-9CC1-4662-8DBB-90B3B2A5F6A6}.Release-net35|Mixed Platforms.Build.0 = Release|x86
		{15039CA4-9CC1-4662-8DBB-90B3B2A5F6A6}.Release-net35|x86.ActiveCfg = Release|x86
		{15039CA4-9CC1-4662-8DBB-90B3B2A5F6A6}.Release-net35|x86.Build.0 = Release|x86
		{15039CA4-9CC1-4662-8DBB-90B3B2A5F6A6}.Release-net40|Any CPU.ActiveCfg = Release|Any CPU
		{15039CA4-9CC1-4662-8DBB-90B3B2A5F6A6}.Release-net40|Any CPU.Build.0 = Release|Any CPU
		{15039CA4-9CC1-4662-8DBB-90B3B2A5F6A6}.Release-net40|Mixed Platforms.ActiveCfg = Release|x86
		{15039CA4-9CC1-4662-8DBB-90B3B2A5F6A6}.Release-net40|Mixed Platforms.Build.0 = Release|x86
		{15039CA4-9CC1-4662-8DBB-90B3B2A5F6A6}.Release-net40|x86.ActiveCfg = Release|x86
		{15039CA4-9CC1-4662-8DBB-90B3B2A5F6A6}.Release-net40|x86.Build.0 = Release|x86
		{15039CA4-9CC1-4662-8DBB-90B3B2A5F6A6}.Release-net45|Any CPU.ActiveCfg = Release|Any CPU
		{15039CA4-9CC1-4662-8DBB-90B3B2A5F6A6}.Release-net45|Any CPU.Build.0 = Release|Any CPU
		{15039CA4-9CC1-4662-8DBB-90B3B2A5F6A6}.Release-net45|Mixed Platforms.ActiveCfg = Release|x86
		{15039CA4-9CC1-4662-8DBB-90B3B2A5F6A6}.Release-net45|Mixed Platforms.Build.0 = Release|x86
		{15039CA4-9CC1-4662-8DBB-90B3B2A5F6A6}.Release-net45|x86.ActiveCfg = Release|x86
		{15039CA4-9CC1-4662-8DBB-90B3B2A5F6A6}.Release-net45|x86.Build.0 = Release|x86
		{9501B855-9124-446A-99EF-143BB078E19C}.Debug|Any CPU.ActiveCfg = Debug|Any CPU
		{9501B855-9124-446A-99EF-143BB078E19C}.Debug|Any CPU.Build.0 = Debug|Any CPU
		{9501B855-9124-446A-99EF-143BB078E19C}.Debug|Mixed Platforms.ActiveCfg = Debug|x86
		{9501B855-9124-446A-99EF-143BB078E19C}.Debug|Mixed Platforms.Build.0 = Debug|x86
		{9501B855-9124-446A-99EF-143BB078E19C}.Debug|x86.ActiveCfg = Debug|x86
		{9501B855-9124-446A-99EF-143BB078E19C}.Debug|x86.Build.0 = Debug|x86
		{9501B855-9124-446A-99EF-143BB078E19C}.Debug-net20|Any CPU.ActiveCfg = Debug|Any CPU
		{9501B855-9124-446A-99EF-143BB078E19C}.Debug-net20|Any CPU.Build.0 = Debug|Any CPU
		{9501B855-9124-446A-99EF-143BB078E19C}.Debug-net20|Mixed Platforms.ActiveCfg = Debug|x86
		{9501B855-9124-446A-99EF-143BB078E19C}.Debug-net20|Mixed Platforms.Build.0 = Debug|x86
		{9501B855-9124-446A-99EF-143BB078E19C}.Debug-net20|x86.ActiveCfg = Debug|x86
		{9501B855-9124-446A-99EF-143BB078E19C}.Debug-net20|x86.Build.0 = Debug|x86
		{9501B855-9124-446A-99EF-143BB078E19C}.Debug-net35|Any CPU.ActiveCfg = Debug|Any CPU
		{9501B855-9124-446A-99EF-143BB078E19C}.Debug-net35|Any CPU.Build.0 = Debug|Any CPU
		{9501B855-9124-446A-99EF-143BB078E19C}.Debug-net35|Mixed Platforms.ActiveCfg = Debug|x86
		{9501B855-9124-446A-99EF-143BB078E19C}.Debug-net35|Mixed Platforms.Build.0 = Debug|x86
		{9501B855-9124-446A-99EF-143BB078E19C}.Debug-net35|x86.ActiveCfg = Debug|x86
		{9501B855-9124-446A-99EF-143BB078E19C}.Debug-net35|x86.Build.0 = Debug|x86
		{9501B855-9124-446A-99EF-143BB078E19C}.Debug-net40|Any CPU.ActiveCfg = Debug|Any CPU
		{9501B855-9124-446A-99EF-143BB078E19C}.Debug-net40|Any CPU.Build.0 = Debug|Any CPU
		{9501B855-9124-446A-99EF-143BB078E19C}.Debug-net40|Mixed Platforms.ActiveCfg = Debug|x86
		{9501B855-9124-446A-99EF-143BB078E19C}.Debug-net40|Mixed Platforms.Build.0 = Debug|x86
		{9501B855-9124-446A-99EF-143BB078E19C}.Debug-net40|x86.ActiveCfg = Debug|x86
		{9501B855-9124-446A-99EF-143BB078E19C}.Debug-net40|x86.Build.0 = Debug|x86
		{9501B855-9124-446A-99EF-143BB078E19C}.Debug-net45|Any CPU.ActiveCfg = Debug|Any CPU
		{9501B855-9124-446A-99EF-143BB078E19C}.Debug-net45|Any CPU.Build.0 = Debug|Any CPU
		{9501B855-9124-446A-99EF-143BB078E19C}.Debug-net45|Mixed Platforms.ActiveCfg = Debug|x86
		{9501B855-9124-446A-99EF-143BB078E19C}.Debug-net45|Mixed Platforms.Build.0 = Debug|x86
		{9501B855-9124-446A-99EF-143BB078E19C}.Debug-net45|x86.ActiveCfg = Debug|x86
		{9501B855-9124-446A-99EF-143BB078E19C}.Debug-net45|x86.Build.0 = Debug|x86
		{9501B855-9124-446A-99EF-143BB078E19C}.Release|Any CPU.ActiveCfg = Release|Any CPU
		{9501B855-9124-446A-99EF-143BB078E19C}.Release|Any CPU.Build.0 = Release|Any CPU
		{9501B855-9124-446A-99EF-143BB078E19C}.Release|Mixed Platforms.ActiveCfg = Release|x86
		{9501B855-9124-446A-99EF-143BB078E19C}.Release|x86.ActiveCfg = Release|x86
		{9501B855-9124-446A-99EF-143BB078E19C}.Release|x86.Build.0 = Release|x86
		{9501B855-9124-446A-99EF-143BB078E19C}.Release-net20|Any CPU.ActiveCfg = Release|Any CPU
		{9501B855-9124-446A-99EF-143BB078E19C}.Release-net20|Any CPU.Build.0 = Release|Any CPU
		{9501B855-9124-446A-99EF-143BB078E19C}.Release-net20|Mixed Platforms.ActiveCfg = Release|x86
		{9501B855-9124-446A-99EF-143BB078E19C}.Release-net20|Mixed Platforms.Build.0 = Release|x86
		{9501B855-9124-446A-99EF-143BB078E19C}.Release-net20|x86.ActiveCfg = Release|x86
		{9501B855-9124-446A-99EF-143BB078E19C}.Release-net20|x86.Build.0 = Release|x86
		{9501B855-9124-446A-99EF-143BB078E19C}.Release-net35|Any CPU.ActiveCfg = Release|Any CPU
		{9501B855-9124-446A-99EF-143BB078E19C}.Release-net35|Any CPU.Build.0 = Release|Any CPU
		{9501B855-9124-446A-99EF-143BB078E19C}.Release-net35|Mixed Platforms.ActiveCfg = Release|x86
		{9501B855-9124-446A-99EF-143BB078E19C}.Release-net35|Mixed Platforms.Build.0 = Release|x86
		{9501B855-9124-446A-99EF-143BB078E19C}.Release-net35|x86.ActiveCfg = Release|x86
		{9501B855-9124-446A-99EF-143BB078E19C}.Release-net35|x86.Build.0 = Release|x86
		{9501B855-9124-446A-99EF-143BB078E19C}.Release-net40|Any CPU.ActiveCfg = Release|Any CPU
		{9501B855-9124-446A-99EF-143BB078E19C}.Release-net40|Any CPU.Build.0 = Release|Any CPU
		{9501B855-9124-446A-99EF-143BB078E19C}.Release-net40|Mixed Platforms.ActiveCfg = Release|x86
		{9501B855-9124-446A-99EF-143BB078E19C}.Release-net40|Mixed Platforms.Build.0 = Release|x86
		{9501B855-9124-446A-99EF-143BB078E19C}.Release-net40|x86.ActiveCfg = Release|x86
		{9501B855-9124-446A-99EF-143BB078E19C}.Release-net40|x86.Build.0 = Release|x86
		{9501B855-9124-446A-99EF-143BB078E19C}.Release-net45|Any CPU.ActiveCfg = Release|Any CPU
		{9501B855-9124-446A-99EF-143BB078E19C}.Release-net45|Any CPU.Build.0 = Release|Any CPU
		{9501B855-9124-446A-99EF-143BB078E19C}.Release-net45|Mixed Platforms.ActiveCfg = Release|x86
		{9501B855-9124-446A-99EF-143BB078E19C}.Release-net45|Mixed Platforms.Build.0 = Release|x86
		{9501B855-9124-446A-99EF-143BB078E19C}.Release-net45|x86.ActiveCfg = Release|x86
		{9501B855-9124-446A-99EF-143BB078E19C}.Release-net45|x86.Build.0 = Release|x86
		{1F0AEB56-1E91-4473-A96F-38301C3E7360}.Debug|Any CPU.ActiveCfg = Debug|Any CPU
		{1F0AEB56-1E91-4473-A96F-38301C3E7360}.Debug|Any CPU.Build.0 = Debug|Any CPU
		{1F0AEB56-1E91-4473-A96F-38301C3E7360}.Debug|Mixed Platforms.ActiveCfg = Debug|Any CPU
		{1F0AEB56-1E91-4473-A96F-38301C3E7360}.Debug|Mixed Platforms.Build.0 = Debug|Any CPU
		{1F0AEB56-1E91-4473-A96F-38301C3E7360}.Debug|x86.ActiveCfg = Debug|Any CPU
		{1F0AEB56-1E91-4473-A96F-38301C3E7360}.Debug|x86.Build.0 = Debug|Any CPU
		{1F0AEB56-1E91-4473-A96F-38301C3E7360}.Debug-net20|Any CPU.ActiveCfg = Debug|Any CPU
		{1F0AEB56-1E91-4473-A96F-38301C3E7360}.Debug-net20|Any CPU.Build.0 = Debug|Any CPU
		{1F0AEB56-1E91-4473-A96F-38301C3E7360}.Debug-net20|Mixed Platforms.ActiveCfg = Debug|Any CPU
		{1F0AEB56-1E91-4473-A96F-38301C3E7360}.Debug-net20|Mixed Platforms.Build.0 = Debug|Any CPU
		{1F0AEB56-1E91-4473-A96F-38301C3E7360}.Debug-net20|x86.ActiveCfg = Debug|Any CPU
		{1F0AEB56-1E91-4473-A96F-38301C3E7360}.Debug-net35|Any CPU.ActiveCfg = Debug|Any CPU
		{1F0AEB56-1E91-4473-A96F-38301C3E7360}.Debug-net35|Any CPU.Build.0 = Debug|Any CPU
		{1F0AEB56-1E91-4473-A96F-38301C3E7360}.Debug-net35|Mixed Platforms.ActiveCfg = Debug|Any CPU
		{1F0AEB56-1E91-4473-A96F-38301C3E7360}.Debug-net35|Mixed Platforms.Build.0 = Debug|Any CPU
		{1F0AEB56-1E91-4473-A96F-38301C3E7360}.Debug-net35|x86.ActiveCfg = Debug|Any CPU
		{1F0AEB56-1E91-4473-A96F-38301C3E7360}.Debug-net40|Any CPU.ActiveCfg = Debug|Any CPU
		{1F0AEB56-1E91-4473-A96F-38301C3E7360}.Debug-net40|Any CPU.Build.0 = Debug|Any CPU
		{1F0AEB56-1E91-4473-A96F-38301C3E7360}.Debug-net40|Mixed Platforms.ActiveCfg = Debug|Any CPU
		{1F0AEB56-1E91-4473-A96F-38301C3E7360}.Debug-net40|Mixed Platforms.Build.0 = Debug|Any CPU
		{1F0AEB56-1E91-4473-A96F-38301C3E7360}.Debug-net40|x86.ActiveCfg = Debug|Any CPU
		{1F0AEB56-1E91-4473-A96F-38301C3E7360}.Debug-net45|Any CPU.ActiveCfg = Debug|Any CPU
		{1F0AEB56-1E91-4473-A96F-38301C3E7360}.Debug-net45|Any CPU.Build.0 = Debug|Any CPU
		{1F0AEB56-1E91-4473-A96F-38301C3E7360}.Debug-net45|Mixed Platforms.ActiveCfg = Debug|Any CPU
		{1F0AEB56-1E91-4473-A96F-38301C3E7360}.Debug-net45|Mixed Platforms.Build.0 = Debug|Any CPU
		{1F0AEB56-1E91-4473-A96F-38301C3E7360}.Debug-net45|x86.ActiveCfg = Debug|Any CPU
		{1F0AEB56-1E91-4473-A96F-38301C3E7360}.Release|Any CPU.ActiveCfg = Release|Any CPU
		{1F0AEB56-1E91-4473-A96F-38301C3E7360}.Release|Any CPU.Build.0 = Release|Any CPU
		{1F0AEB56-1E91-4473-A96F-38301C3E7360}.Release|Mixed Platforms.ActiveCfg = Release|Any CPU
		{1F0AEB56-1E91-4473-A96F-38301C3E7360}.Release|Mixed Platforms.Build.0 = Release|Any CPU
		{1F0AEB56-1E91-4473-A96F-38301C3E7360}.Release|x86.ActiveCfg = Release|Any CPU
		{1F0AEB56-1E91-4473-A96F-38301C3E7360}.Release-net20|Any CPU.ActiveCfg = Release|Any CPU
		{1F0AEB56-1E91-4473-A96F-38301C3E7360}.Release-net20|Any CPU.Build.0 = Release|Any CPU
		{1F0AEB56-1E91-4473-A96F-38301C3E7360}.Release-net20|Mixed Platforms.ActiveCfg = Release|Any CPU
		{1F0AEB56-1E91-4473-A96F-38301C3E7360}.Release-net20|Mixed Platforms.Build.0 = Release|Any CPU
		{1F0AEB56-1E91-4473-A96F-38301C3E7360}.Release-net20|x86.ActiveCfg = Release|Any CPU
		{1F0AEB56-1E91-4473-A96F-38301C3E7360}.Release-net35|Any CPU.ActiveCfg = Release|Any CPU
		{1F0AEB56-1E91-4473-A96F-38301C3E7360}.Release-net35|Any CPU.Build.0 = Release|Any CPU
		{1F0AEB56-1E91-4473-A96F-38301C3E7360}.Release-net35|Mixed Platforms.ActiveCfg = Release|Any CPU
		{1F0AEB56-1E91-4473-A96F-38301C3E7360}.Release-net35|Mixed Platforms.Build.0 = Release|Any CPU
		{1F0AEB56-1E91-4473-A96F-38301C3E7360}.Release-net35|x86.ActiveCfg = Release|Any CPU
		{1F0AEB56-1E91-4473-A96F-38301C3E7360}.Release-net40|Any CPU.ActiveCfg = Release|Any CPU
		{1F0AEB56-1E91-4473-A96F-38301C3E7360}.Release-net40|Any CPU.Build.0 = Release|Any CPU
		{1F0AEB56-1E91-4473-A96F-38301C3E7360}.Release-net40|Mixed Platforms.ActiveCfg = Release|Any CPU
		{1F0AEB56-1E91-4473-A96F-38301C3E7360}.Release-net40|Mixed Platforms.Build.0 = Release|Any CPU
		{1F0AEB56-1E91-4473-A96F-38301C3E7360}.Release-net40|x86.ActiveCfg = Release|Any CPU
		{1F0AEB56-1E91-4473-A96F-38301C3E7360}.Release-net45|Any CPU.ActiveCfg = Release|Any CPU
		{1F0AEB56-1E91-4473-A96F-38301C3E7360}.Release-net45|Any CPU.Build.0 = Release|Any CPU
		{1F0AEB56-1E91-4473-A96F-38301C3E7360}.Release-net45|Mixed Platforms.ActiveCfg = Release|Any CPU
		{1F0AEB56-1E91-4473-A96F-38301C3E7360}.Release-net45|Mixed Platforms.Build.0 = Release|Any CPU
		{1F0AEB56-1E91-4473-A96F-38301C3E7360}.Release-net45|x86.ActiveCfg = Release|Any CPU
		{2E5B4BC2-A7AC-4F58-8146-7ACED2AF1914}.Debug|Any CPU.ActiveCfg = Debug|Any CPU
		{2E5B4BC2-A7AC-4F58-8146-7ACED2AF1914}.Debug|Any CPU.Build.0 = Debug|Any CPU
		{2E5B4BC2-A7AC-4F58-8146-7ACED2AF1914}.Debug|Mixed Platforms.ActiveCfg = Debug|Any CPU
		{2E5B4BC2-A7AC-4F58-8146-7ACED2AF1914}.Debug|Mixed Platforms.Build.0 = Debug|Any CPU
		{2E5B4BC2-A7AC-4F58-8146-7ACED2AF1914}.Debug|x86.ActiveCfg = Debug|Any CPU
		{2E5B4BC2-A7AC-4F58-8146-7ACED2AF1914}.Debug|x86.Build.0 = Debug|Any CPU
		{2E5B4BC2-A7AC-4F58-8146-7ACED2AF1914}.Debug-net20|Any CPU.ActiveCfg = Debug|Any CPU
		{2E5B4BC2-A7AC-4F58-8146-7ACED2AF1914}.Debug-net20|Any CPU.Build.0 = Debug|Any CPU
		{2E5B4BC2-A7AC-4F58-8146-7ACED2AF1914}.Debug-net20|Mixed Platforms.ActiveCfg = Debug|Any CPU
		{2E5B4BC2-A7AC-4F58-8146-7ACED2AF1914}.Debug-net20|Mixed Platforms.Build.0 = Debug|Any CPU
		{2E5B4BC2-A7AC-4F58-8146-7ACED2AF1914}.Debug-net20|x86.ActiveCfg = Debug|Any CPU
		{2E5B4BC2-A7AC-4F58-8146-7ACED2AF1914}.Debug-net35|Any CPU.ActiveCfg = Debug|Any CPU
		{2E5B4BC2-A7AC-4F58-8146-7ACED2AF1914}.Debug-net35|Any CPU.Build.0 = Debug|Any CPU
		{2E5B4BC2-A7AC-4F58-8146-7ACED2AF1914}.Debug-net35|Mixed Platforms.ActiveCfg = Debug|Any CPU
		{2E5B4BC2-A7AC-4F58-8146-7ACED2AF1914}.Debug-net35|Mixed Platforms.Build.0 = Debug|Any CPU
		{2E5B4BC2-A7AC-4F58-8146-7ACED2AF1914}.Debug-net35|x86.ActiveCfg = Debug|Any CPU
		{2E5B4BC2-A7AC-4F58-8146-7ACED2AF1914}.Debug-net40|Any CPU.ActiveCfg = Debug|Any CPU
		{2E5B4BC2-A7AC-4F58-8146-7ACED2AF1914}.Debug-net40|Any CPU.Build.0 = Debug|Any CPU
		{2E5B4BC2-A7AC-4F58-8146-7ACED2AF1914}.Debug-net40|Mixed Platforms.ActiveCfg = Debug|Any CPU
		{2E5B4BC2-A7AC-4F58-8146-7ACED2AF1914}.Debug-net40|Mixed Platforms.Build.0 = Debug|Any CPU
		{2E5B4BC2-A7AC-4F58-8146-7ACED2AF1914}.Debug-net40|x86.ActiveCfg = Debug|Any CPU
		{2E5B4BC2-A7AC-4F58-8146-7ACED2AF1914}.Debug-net45|Any CPU.ActiveCfg = Debug|Any CPU
		{2E5B4BC2-A7AC-4F58-8146-7ACED2AF1914}.Debug-net45|Any CPU.Build.0 = Debug|Any CPU
		{2E5B4BC2-A7AC-4F58-8146-7ACED2AF1914}.Debug-net45|Mixed Platforms.ActiveCfg = Debug|Any CPU
		{2E5B4BC2-A7AC-4F58-8146-7ACED2AF1914}.Debug-net45|Mixed Platforms.Build.0 = Debug|Any CPU
		{2E5B4BC2-A7AC-4F58-8146-7ACED2AF1914}.Debug-net45|x86.ActiveCfg = Debug|Any CPU
		{2E5B4BC2-A7AC-4F58-8146-7ACED2AF1914}.Release|Any CPU.ActiveCfg = Release|Any CPU
		{2E5B4BC2-A7AC-4F58-8146-7ACED2AF1914}.Release|Any CPU.Build.0 = Release|Any CPU
		{2E5B4BC2-A7AC-4F58-8146-7ACED2AF1914}.Release|Mixed Platforms.ActiveCfg = Release|Any CPU
		{2E5B4BC2-A7AC-4F58-8146-7ACED2AF1914}.Release|Mixed Platforms.Build.0 = Release|Any CPU
		{2E5B4BC2-A7AC-4F58-8146-7ACED2AF1914}.Release|x86.ActiveCfg = Release|Any CPU
		{2E5B4BC2-A7AC-4F58-8146-7ACED2AF1914}.Release-net20|Any CPU.ActiveCfg = Release|Any CPU
		{2E5B4BC2-A7AC-4F58-8146-7ACED2AF1914}.Release-net20|Any CPU.Build.0 = Release|Any CPU
		{2E5B4BC2-A7AC-4F58-8146-7ACED2AF1914}.Release-net20|Mixed Platforms.ActiveCfg = Release|Any CPU
		{2E5B4BC2-A7AC-4F58-8146-7ACED2AF1914}.Release-net20|Mixed Platforms.Build.0 = Release|Any CPU
		{2E5B4BC2-A7AC-4F58-8146-7ACED2AF1914}.Release-net20|x86.ActiveCfg = Release|Any CPU
		{2E5B4BC2-A7AC-4F58-8146-7ACED2AF1914}.Release-net35|Any CPU.ActiveCfg = Release|Any CPU
		{2E5B4BC2-A7AC-4F58-8146-7ACED2AF1914}.Release-net35|Any CPU.Build.0 = Release|Any CPU
		{2E5B4BC2-A7AC-4F58-8146-7ACED2AF1914}.Release-net35|Mixed Platforms.ActiveCfg = Release|Any CPU
		{2E5B4BC2-A7AC-4F58-8146-7ACED2AF1914}.Release-net35|Mixed Platforms.Build.0 = Release|Any CPU
		{2E5B4BC2-A7AC-4F58-8146-7ACED2AF1914}.Release-net35|x86.ActiveCfg = Release|Any CPU
		{2E5B4BC2-A7AC-4F58-8146-7ACED2AF1914}.Release-net40|Any CPU.ActiveCfg = Release|Any CPU
		{2E5B4BC2-A7AC-4F58-8146-7ACED2AF1914}.Release-net40|Any CPU.Build.0 = Release|Any CPU
		{2E5B4BC2-A7AC-4F58-8146-7ACED2AF1914}.Release-net40|Mixed Platforms.ActiveCfg = Release|Any CPU
		{2E5B4BC2-A7AC-4F58-8146-7ACED2AF1914}.Release-net40|Mixed Platforms.Build.0 = Release|Any CPU
		{2E5B4BC2-A7AC-4F58-8146-7ACED2AF1914}.Release-net40|x86.ActiveCfg = Release|Any CPU
		{2E5B4BC2-A7AC-4F58-8146-7ACED2AF1914}.Release-net45|Any CPU.ActiveCfg = Release|Any CPU
		{2E5B4BC2-A7AC-4F58-8146-7ACED2AF1914}.Release-net45|Any CPU.Build.0 = Release|Any CPU
		{2E5B4BC2-A7AC-4F58-8146-7ACED2AF1914}.Release-net45|Mixed Platforms.ActiveCfg = Release|Any CPU
		{2E5B4BC2-A7AC-4F58-8146-7ACED2AF1914}.Release-net45|Mixed Platforms.Build.0 = Release|Any CPU
		{2E5B4BC2-A7AC-4F58-8146-7ACED2AF1914}.Release-net45|x86.ActiveCfg = Release|Any CPU
		{2F7FC670-CAA9-4529-ADAB-BF008247F47E}.Debug|Any CPU.ActiveCfg = Debug|Any CPU
		{2F7FC670-CAA9-4529-ADAB-BF008247F47E}.Debug|Any CPU.Build.0 = Debug|Any CPU
		{2F7FC670-CAA9-4529-ADAB-BF008247F47E}.Debug|Mixed Platforms.ActiveCfg = Debug|Any CPU
		{2F7FC670-CAA9-4529-ADAB-BF008247F47E}.Debug|Mixed Platforms.Build.0 = Debug|Any CPU
		{2F7FC670-CAA9-4529-ADAB-BF008247F47E}.Debug|x86.ActiveCfg = Debug|Any CPU
		{2F7FC670-CAA9-4529-ADAB-BF008247F47E}.Debug-net20|Any CPU.ActiveCfg = Debug|Any CPU
		{2F7FC670-CAA9-4529-ADAB-BF008247F47E}.Debug-net20|Any CPU.Build.0 = Debug|Any CPU
		{2F7FC670-CAA9-4529-ADAB-BF008247F47E}.Debug-net20|Mixed Platforms.ActiveCfg = Debug|Any CPU
		{2F7FC670-CAA9-4529-ADAB-BF008247F47E}.Debug-net20|Mixed Platforms.Build.0 = Debug|Any CPU
		{2F7FC670-CAA9-4529-ADAB-BF008247F47E}.Debug-net20|x86.ActiveCfg = Debug|Any CPU
		{2F7FC670-CAA9-4529-ADAB-BF008247F47E}.Debug-net35|Any CPU.ActiveCfg = Debug|Any CPU
		{2F7FC670-CAA9-4529-ADAB-BF008247F47E}.Debug-net35|Any CPU.Build.0 = Debug|Any CPU
		{2F7FC670-CAA9-4529-ADAB-BF008247F47E}.Debug-net35|Mixed Platforms.ActiveCfg = Debug|Any CPU
		{2F7FC670-CAA9-4529-ADAB-BF008247F47E}.Debug-net35|Mixed Platforms.Build.0 = Debug|Any CPU
		{2F7FC670-CAA9-4529-ADAB-BF008247F47E}.Debug-net35|x86.ActiveCfg = Debug|Any CPU
		{2F7FC670-CAA9-4529-ADAB-BF008247F47E}.Debug-net40|Any CPU.ActiveCfg = Debug|Any CPU
		{2F7FC670-CAA9-4529-ADAB-BF008247F47E}.Debug-net40|Any CPU.Build.0 = Debug|Any CPU
		{2F7FC670-CAA9-4529-ADAB-BF008247F47E}.Debug-net40|Mixed Platforms.ActiveCfg = Debug|Any CPU
		{2F7FC670-CAA9-4529-ADAB-BF008247F47E}.Debug-net40|Mixed Platforms.Build.0 = Debug|Any CPU
		{2F7FC670-CAA9-4529-ADAB-BF008247F47E}.Debug-net40|x86.ActiveCfg = Debug|Any CPU
		{2F7FC670-CAA9-4529-ADAB-BF008247F47E}.Debug-net45|Any CPU.ActiveCfg = Debug|Any CPU
		{2F7FC670-CAA9-4529-ADAB-BF008247F47E}.Debug-net45|Any CPU.Build.0 = Debug|Any CPU
		{2F7FC670-CAA9-4529-ADAB-BF008247F47E}.Debug-net45|Mixed Platforms.ActiveCfg = Debug|Any CPU
		{2F7FC670-CAA9-4529-ADAB-BF008247F47E}.Debug-net45|Mixed Platforms.Build.0 = Debug|Any CPU
		{2F7FC670-CAA9-4529-ADAB-BF008247F47E}.Debug-net45|x86.ActiveCfg = Debug|Any CPU
		{2F7FC670-CAA9-4529-ADAB-BF008247F47E}.Release|Any CPU.ActiveCfg = Release|Any CPU
		{2F7FC670-CAA9-4529-ADAB-BF008247F47E}.Release|Any CPU.Build.0 = Release|Any CPU
		{2F7FC670-CAA9-4529-ADAB-BF008247F47E}.Release|Mixed Platforms.ActiveCfg = Release|Any CPU
		{2F7FC670-CAA9-4529-ADAB-BF008247F47E}.Release|Mixed Platforms.Build.0 = Release|Any CPU
		{2F7FC670-CAA9-4529-ADAB-BF008247F47E}.Release|x86.ActiveCfg = Release|Any CPU
		{2F7FC670-CAA9-4529-ADAB-BF008247F47E}.Release-net20|Any CPU.ActiveCfg = Release|Any CPU
		{2F7FC670-CAA9-4529-ADAB-BF008247F47E}.Release-net20|Any CPU.Build.0 = Release|Any CPU
		{2F7FC670-CAA9-4529-ADAB-BF008247F47E}.Release-net20|Mixed Platforms.ActiveCfg = Release|Any CPU
		{2F7FC670-CAA9-4529-ADAB-BF008247F47E}.Release-net20|Mixed Platforms.Build.0 = Release|Any CPU
		{2F7FC670-CAA9-4529-ADAB-BF008247F47E}.Release-net20|x86.ActiveCfg = Release|Any CPU
		{2F7FC670-CAA9-4529-ADAB-BF008247F47E}.Release-net35|Any CPU.ActiveCfg = Release|Any CPU
		{2F7FC670-CAA9-4529-ADAB-BF008247F47E}.Release-net35|Any CPU.Build.0 = Release|Any CPU
		{2F7FC670-CAA9-4529-ADAB-BF008247F47E}.Release-net35|Mixed Platforms.ActiveCfg = Release|Any CPU
		{2F7FC670-CAA9-4529-ADAB-BF008247F47E}.Release-net35|Mixed Platforms.Build.0 = Release|Any CPU
		{2F7FC670-CAA9-4529-ADAB-BF008247F47E}.Release-net35|x86.ActiveCfg = Release|Any CPU
		{2F7FC670-CAA9-4529-ADAB-BF008247F47E}.Release-net40|Any CPU.ActiveCfg = Release|Any CPU
		{2F7FC670-CAA9-4529-ADAB-BF008247F47E}.Release-net40|Any CPU.Build.0 = Release|Any CPU
		{2F7FC670-CAA9-4529-ADAB-BF008247F47E}.Release-net40|Mixed Platforms.ActiveCfg = Release|Any CPU
		{2F7FC670-CAA9-4529-ADAB-BF008247F47E}.Release-net40|Mixed Platforms.Build.0 = Release|Any CPU
		{2F7FC670-CAA9-4529-ADAB-BF008247F47E}.Release-net40|x86.ActiveCfg = Release|Any CPU
		{2F7FC670-CAA9-4529-ADAB-BF008247F47E}.Release-net45|Any CPU.ActiveCfg = Release|Any CPU
		{2F7FC670-CAA9-4529-ADAB-BF008247F47E}.Release-net45|Any CPU.Build.0 = Release|Any CPU
		{2F7FC670-CAA9-4529-ADAB-BF008247F47E}.Release-net45|Mixed Platforms.ActiveCfg = Release|Any CPU
		{2F7FC670-CAA9-4529-ADAB-BF008247F47E}.Release-net45|Mixed Platforms.Build.0 = Release|Any CPU
		{2F7FC670-CAA9-4529-ADAB-BF008247F47E}.Release-net45|x86.ActiveCfg = Release|Any CPU
		{3CCF7185-8A88-4570-AC97-04FB781F4C0F}.Debug|Any CPU.ActiveCfg = Debug|Any CPU
		{3CCF7185-8A88-4570-AC97-04FB781F4C0F}.Debug|Any CPU.Build.0 = Debug|Any CPU
		{3CCF7185-8A88-4570-AC97-04FB781F4C0F}.Debug|Mixed Platforms.ActiveCfg = Debug|x86
		{3CCF7185-8A88-4570-AC97-04FB781F4C0F}.Debug|Mixed Platforms.Build.0 = Debug|x86
		{3CCF7185-8A88-4570-AC97-04FB781F4C0F}.Debug|x86.ActiveCfg = Debug|x86
		{3CCF7185-8A88-4570-AC97-04FB781F4C0F}.Debug|x86.Build.0 = Debug|x86
		{3CCF7185-8A88-4570-AC97-04FB781F4C0F}.Debug-net20|Any CPU.ActiveCfg = Debug|Any CPU
		{3CCF7185-8A88-4570-AC97-04FB781F4C0F}.Debug-net20|Any CPU.Build.0 = Debug|Any CPU
		{3CCF7185-8A88-4570-AC97-04FB781F4C0F}.Debug-net20|Mixed Platforms.ActiveCfg = Debug|x86
		{3CCF7185-8A88-4570-AC97-04FB781F4C0F}.Debug-net20|Mixed Platforms.Build.0 = Debug|x86
		{3CCF7185-8A88-4570-AC97-04FB781F4C0F}.Debug-net20|x86.ActiveCfg = Debug|x86
		{3CCF7185-8A88-4570-AC97-04FB781F4C0F}.Debug-net20|x86.Build.0 = Debug|x86
		{3CCF7185-8A88-4570-AC97-04FB781F4C0F}.Debug-net35|Any CPU.ActiveCfg = Debug|Any CPU
		{3CCF7185-8A88-4570-AC97-04FB781F4C0F}.Debug-net35|Any CPU.Build.0 = Debug|Any CPU
		{3CCF7185-8A88-4570-AC97-04FB781F4C0F}.Debug-net35|Mixed Platforms.ActiveCfg = Debug|x86
		{3CCF7185-8A88-4570-AC97-04FB781F4C0F}.Debug-net35|Mixed Platforms.Build.0 = Debug|x86
		{3CCF7185-8A88-4570-AC97-04FB781F4C0F}.Debug-net35|x86.ActiveCfg = Debug|x86
		{3CCF7185-8A88-4570-AC97-04FB781F4C0F}.Debug-net35|x86.Build.0 = Debug|x86
		{3CCF7185-8A88-4570-AC97-04FB781F4C0F}.Debug-net40|Any CPU.ActiveCfg = Debug|Any CPU
		{3CCF7185-8A88-4570-AC97-04FB781F4C0F}.Debug-net40|Any CPU.Build.0 = Debug|Any CPU
		{3CCF7185-8A88-4570-AC97-04FB781F4C0F}.Debug-net40|Mixed Platforms.ActiveCfg = Debug|x86
		{3CCF7185-8A88-4570-AC97-04FB781F4C0F}.Debug-net40|Mixed Platforms.Build.0 = Debug|x86
		{3CCF7185-8A88-4570-AC97-04FB781F4C0F}.Debug-net40|x86.ActiveCfg = Debug|x86
		{3CCF7185-8A88-4570-AC97-04FB781F4C0F}.Debug-net40|x86.Build.0 = Debug|x86
		{3CCF7185-8A88-4570-AC97-04FB781F4C0F}.Debug-net45|Any CPU.ActiveCfg = Debug|Any CPU
		{3CCF7185-8A88-4570-AC97-04FB781F4C0F}.Debug-net45|Any CPU.Build.0 = Debug|Any CPU
		{3CCF7185-8A88-4570-AC97-04FB781F4C0F}.Debug-net45|Mixed Platforms.ActiveCfg = Debug|x86
		{3CCF7185-8A88-4570-AC97-04FB781F4C0F}.Debug-net45|Mixed Platforms.Build.0 = Debug|x86
		{3CCF7185-8A88-4570-AC97-04FB781F4C0F}.Debug-net45|x86.ActiveCfg = Debug|x86
		{3CCF7185-8A88-4570-AC97-04FB781F4C0F}.Debug-net45|x86.Build.0 = Debug|x86
		{3CCF7185-8A88-4570-AC97-04FB781F4C0F}.Release|Any CPU.ActiveCfg = Release|Any CPU
		{3CCF7185-8A88-4570-AC97-04FB781F4C0F}.Release|Any CPU.Build.0 = Release|Any CPU
		{3CCF7185-8A88-4570-AC97-04FB781F4C0F}.Release|Mixed Platforms.ActiveCfg = Release|x86
		{3CCF7185-8A88-4570-AC97-04FB781F4C0F}.Release|Mixed Platforms.Build.0 = Release|x86
		{3CCF7185-8A88-4570-AC97-04FB781F4C0F}.Release|x86.ActiveCfg = Release|x86
		{3CCF7185-8A88-4570-AC97-04FB781F4C0F}.Release|x86.Build.0 = Release|x86
		{3CCF7185-8A88-4570-AC97-04FB781F4C0F}.Release-net20|Any CPU.ActiveCfg = Release|Any CPU
		{3CCF7185-8A88-4570-AC97-04FB781F4C0F}.Release-net20|Any CPU.Build.0 = Release|Any CPU
		{3CCF7185-8A88-4570-AC97-04FB781F4C0F}.Release-net20|Mixed Platforms.ActiveCfg = Release|x86
		{3CCF7185-8A88-4570-AC97-04FB781F4C0F}.Release-net20|Mixed Platforms.Build.0 = Release|x86
		{3CCF7185-8A88-4570-AC97-04FB781F4C0F}.Release-net20|x86.ActiveCfg = Release|x86
		{3CCF7185-8A88-4570-AC97-04FB781F4C0F}.Release-net20|x86.Build.0 = Release|x86
		{3CCF7185-8A88-4570-AC97-04FB781F4C0F}.Release-net35|Any CPU.ActiveCfg = Release|Any CPU
		{3CCF7185-8A88-4570-AC97-04FB781F4C0F}.Release-net35|Any CPU.Build.0 = Release|Any CPU
		{3CCF7185-8A88-4570-AC97-04FB781F4C0F}.Release-net35|Mixed Platforms.ActiveCfg = Release|x86
		{3CCF7185-8A88-4570-AC97-04FB781F4C0F}.Release-net35|Mixed Platforms.Build.0 = Release|x86
		{3CCF7185-8A88-4570-AC97-04FB781F4C0F}.Release-net35|x86.ActiveCfg = Release|x86
		{3CCF7185-8A88-4570-AC97-04FB781F4C0F}.Release-net35|x86.Build.0 = Release|x86
		{3CCF7185-8A88-4570-AC97-04FB781F4C0F}.Release-net40|Any CPU.ActiveCfg = Release|Any CPU
		{3CCF7185-8A88-4570-AC97-04FB781F4C0F}.Release-net40|Any CPU.Build.0 = Release|Any CPU
		{3CCF7185-8A88-4570-AC97-04FB781F4C0F}.Release-net40|Mixed Platforms.ActiveCfg = Release|x86
		{3CCF7185-8A88-4570-AC97-04FB781F4C0F}.Release-net40|Mixed Platforms.Build.0 = Release|x86
		{3CCF7185-8A88-4570-AC97-04FB781F4C0F}.Release-net40|x86.ActiveCfg = Release|x86
		{3CCF7185-8A88-4570-AC97-04FB781F4C0F}.Release-net40|x86.Build.0 = Release|x86
		{3CCF7185-8A88-4570-AC97-04FB781F4C0F}.Release-net45|Any CPU.ActiveCfg = Release|Any CPU
		{3CCF7185-8A88-4570-AC97-04FB781F4C0F}.Release-net45|Any CPU.Build.0 = Release|Any CPU
		{3CCF7185-8A88-4570-AC97-04FB781F4C0F}.Release-net45|Mixed Platforms.ActiveCfg = Release|x86
		{3CCF7185-8A88-4570-AC97-04FB781F4C0F}.Release-net45|Mixed Platforms.Build.0 = Release|x86
		{3CCF7185-8A88-4570-AC97-04FB781F4C0F}.Release-net45|x86.ActiveCfg = Release|x86
		{3CCF7185-8A88-4570-AC97-04FB781F4C0F}.Release-net45|x86.Build.0 = Release|x86
		{5698C158-CC56-4FBC-9480-D87E684D8B34}.Debug|Any CPU.ActiveCfg = Debug|Any CPU
		{5698C158-CC56-4FBC-9480-D87E684D8B34}.Debug|Any CPU.Build.0 = Debug|Any CPU
		{5698C158-CC56-4FBC-9480-D87E684D8B34}.Debug|Mixed Platforms.ActiveCfg = Debug|Any CPU
		{5698C158-CC56-4FBC-9480-D87E684D8B34}.Debug|Mixed Platforms.Build.0 = Debug|Any CPU
		{5698C158-CC56-4FBC-9480-D87E684D8B34}.Debug|x86.ActiveCfg = Debug|Any CPU
		{5698C158-CC56-4FBC-9480-D87E684D8B34}.Debug-net20|Any CPU.ActiveCfg = Debug|Any CPU
		{5698C158-CC56-4FBC-9480-D87E684D8B34}.Debug-net20|Any CPU.Build.0 = Debug|Any CPU
		{5698C158-CC56-4FBC-9480-D87E684D8B34}.Debug-net20|Mixed Platforms.ActiveCfg = Debug|Any CPU
		{5698C158-CC56-4FBC-9480-D87E684D8B34}.Debug-net20|Mixed Platforms.Build.0 = Debug|Any CPU
		{5698C158-CC56-4FBC-9480-D87E684D8B34}.Debug-net20|x86.ActiveCfg = Debug|Any CPU
		{5698C158-CC56-4FBC-9480-D87E684D8B34}.Debug-net35|Any CPU.ActiveCfg = Debug|Any CPU
		{5698C158-CC56-4FBC-9480-D87E684D8B34}.Debug-net35|Any CPU.Build.0 = Debug|Any CPU
		{5698C158-CC56-4FBC-9480-D87E684D8B34}.Debug-net35|Mixed Platforms.ActiveCfg = Debug|Any CPU
		{5698C158-CC56-4FBC-9480-D87E684D8B34}.Debug-net35|Mixed Platforms.Build.0 = Debug|Any CPU
		{5698C158-CC56-4FBC-9480-D87E684D8B34}.Debug-net35|x86.ActiveCfg = Debug|Any CPU
		{5698C158-CC56-4FBC-9480-D87E684D8B34}.Debug-net40|Any CPU.ActiveCfg = Debug|Any CPU
		{5698C158-CC56-4FBC-9480-D87E684D8B34}.Debug-net40|Any CPU.Build.0 = Debug|Any CPU
		{5698C158-CC56-4FBC-9480-D87E684D8B34}.Debug-net40|Mixed Platforms.ActiveCfg = Debug|Any CPU
		{5698C158-CC56-4FBC-9480-D87E684D8B34}.Debug-net40|Mixed Platforms.Build.0 = Debug|Any CPU
		{5698C158-CC56-4FBC-9480-D87E684D8B34}.Debug-net40|x86.ActiveCfg = Debug|Any CPU
		{5698C158-CC56-4FBC-9480-D87E684D8B34}.Debug-net45|Any CPU.ActiveCfg = Debug|Any CPU
		{5698C158-CC56-4FBC-9480-D87E684D8B34}.Debug-net45|Any CPU.Build.0 = Debug|Any CPU
		{5698C158-CC56-4FBC-9480-D87E684D8B34}.Debug-net45|Mixed Platforms.ActiveCfg = Debug|Any CPU
		{5698C158-CC56-4FBC-9480-D87E684D8B34}.Debug-net45|Mixed Platforms.Build.0 = Debug|Any CPU
		{5698C158-CC56-4FBC-9480-D87E684D8B34}.Debug-net45|x86.ActiveCfg = Debug|Any CPU
		{5698C158-CC56-4FBC-9480-D87E684D8B34}.Release|Any CPU.ActiveCfg = Release|Any CPU
		{5698C158-CC56-4FBC-9480-D87E684D8B34}.Release|Any CPU.Build.0 = Release|Any CPU
		{5698C158-CC56-4FBC-9480-D87E684D8B34}.Release|Mixed Platforms.ActiveCfg = Release|Any CPU
		{5698C158-CC56-4FBC-9480-D87E684D8B34}.Release|Mixed Platforms.Build.0 = Release|Any CPU
		{5698C158-CC56-4FBC-9480-D87E684D8B34}.Release|x86.ActiveCfg = Release|Any CPU
		{5698C158-CC56-4FBC-9480-D87E684D8B34}.Release-net20|Any CPU.ActiveCfg = Release|Any CPU
		{5698C158-CC56-4FBC-9480-D87E684D8B34}.Release-net20|Any CPU.Build.0 = Release|Any CPU
		{5698C158-CC56-4FBC-9480-D87E684D8B34}.Release-net20|Mixed Platforms.ActiveCfg = Release|Any CPU
		{5698C158-CC56-4FBC-9480-D87E684D8B34}.Release-net20|Mixed Platforms.Build.0 = Release|Any CPU
		{5698C158-CC56-4FBC-9480-D87E684D8B34}.Release-net20|x86.ActiveCfg = Release|Any CPU
		{5698C158-CC56-4FBC-9480-D87E684D8B34}.Release-net35|Any CPU.ActiveCfg = Release|Any CPU
		{5698C158-CC56-4FBC-9480-D87E684D8B34}.Release-net35|Any CPU.Build.0 = Release|Any CPU
		{5698C158-CC56-4FBC-9480-D87E684D8B34}.Release-net35|Mixed Platforms.ActiveCfg = Release|Any CPU
		{5698C158-CC56-4FBC-9480-D87E684D8B34}.Release-net35|Mixed Platforms.Build.0 = Release|Any CPU
		{5698C158-CC56-4FBC-9480-D87E684D8B34}.Release-net35|x86.ActiveCfg = Release|Any CPU
		{5698C158-CC56-4FBC-9480-D87E684D8B34}.Release-net40|Any CPU.ActiveCfg = Release|Any CPU
		{5698C158-CC56-4FBC-9480-D87E684D8B34}.Release-net40|Any CPU.Build.0 = Release|Any CPU
		{5698C158-CC56-4FBC-9480-D87E684D8B34}.Release-net40|Mixed Platforms.ActiveCfg = Release|Any CPU
		{5698C158-CC56-4FBC-9480-D87E684D8B34}.Release-net40|Mixed Platforms.Build.0 = Release|Any CPU
		{5698C158-CC56-4FBC-9480-D87E684D8B34}.Release-net40|x86.ActiveCfg = Release|Any CPU
		{5698C158-CC56-4FBC-9480-D87E684D8B34}.Release-net45|Any CPU.ActiveCfg = Release|Any CPU
		{5698C158-CC56-4FBC-9480-D87E684D8B34}.Release-net45|Any CPU.Build.0 = Release|Any CPU
		{5698C158-CC56-4FBC-9480-D87E684D8B34}.Release-net45|Mixed Platforms.ActiveCfg = Release|Any CPU
		{5698C158-CC56-4FBC-9480-D87E684D8B34}.Release-net45|Mixed Platforms.Build.0 = Release|Any CPU
		{5698C158-CC56-4FBC-9480-D87E684D8B34}.Release-net45|x86.ActiveCfg = Release|Any CPU
		{9D13B739-62B1-4190-B386-7A9547304EB3}.Debug|Any CPU.ActiveCfg = Debug-net20|Any CPU
		{9D13B739-62B1-4190-B386-7A9547304EB3}.Debug|Any CPU.Build.0 = Debug-net20|Any CPU
		{9D13B739-62B1-4190-B386-7A9547304EB3}.Debug|Mixed Platforms.ActiveCfg = Debug-net20|Any CPU
		{9D13B739-62B1-4190-B386-7A9547304EB3}.Debug|Mixed Platforms.Build.0 = Debug-net20|Any CPU
		{9D13B739-62B1-4190-B386-7A9547304EB3}.Debug|x86.ActiveCfg = Debug-net20|Any CPU
		{9D13B739-62B1-4190-B386-7A9547304EB3}.Debug-net20|Any CPU.ActiveCfg = Debug-net20|Any CPU
		{9D13B739-62B1-4190-B386-7A9547304EB3}.Debug-net20|Any CPU.Build.0 = Debug-net20|Any CPU
		{9D13B739-62B1-4190-B386-7A9547304EB3}.Debug-net20|Mixed Platforms.ActiveCfg = Debug-net20|Any CPU
		{9D13B739-62B1-4190-B386-7A9547304EB3}.Debug-net20|Mixed Platforms.Build.0 = Debug-net20|Any CPU
		{9D13B739-62B1-4190-B386-7A9547304EB3}.Debug-net20|x86.ActiveCfg = Debug-net20|Any CPU
		{9D13B739-62B1-4190-B386-7A9547304EB3}.Debug-net35|Any CPU.ActiveCfg = Debug-net35|Any CPU
		{9D13B739-62B1-4190-B386-7A9547304EB3}.Debug-net35|Any CPU.Build.0 = Debug-net35|Any CPU
		{9D13B739-62B1-4190-B386-7A9547304EB3}.Debug-net35|Mixed Platforms.ActiveCfg = Debug-net35|Any CPU
		{9D13B739-62B1-4190-B386-7A9547304EB3}.Debug-net35|Mixed Platforms.Build.0 = Debug-net35|Any CPU
		{9D13B739-62B1-4190-B386-7A9547304EB3}.Debug-net35|x86.ActiveCfg = Debug-net35|Any CPU
		{9D13B739-62B1-4190-B386-7A9547304EB3}.Debug-net40|Any CPU.ActiveCfg = Debug-net40|Any CPU
		{9D13B739-62B1-4190-B386-7A9547304EB3}.Debug-net40|Any CPU.Build.0 = Debug-net40|Any CPU
		{9D13B739-62B1-4190-B386-7A9547304EB3}.Debug-net40|Mixed Platforms.ActiveCfg = Debug-net40|Any CPU
		{9D13B739-62B1-4190-B386-7A9547304EB3}.Debug-net40|Mixed Platforms.Build.0 = Debug-net40|Any CPU
		{9D13B739-62B1-4190-B386-7A9547304EB3}.Debug-net40|x86.ActiveCfg = Debug-net40|Any CPU
		{9D13B739-62B1-4190-B386-7A9547304EB3}.Debug-net45|Any CPU.ActiveCfg = Debug-net45|Any CPU
		{9D13B739-62B1-4190-B386-7A9547304EB3}.Debug-net45|Any CPU.Build.0 = Debug-net45|Any CPU
		{9D13B739-62B1-4190-B386-7A9547304EB3}.Debug-net45|Mixed Platforms.ActiveCfg = Debug-net45|Any CPU
		{9D13B739-62B1-4190-B386-7A9547304EB3}.Debug-net45|Mixed Platforms.Build.0 = Debug-net45|Any CPU
		{9D13B739-62B1-4190-B386-7A9547304EB3}.Debug-net45|x86.ActiveCfg = Debug-net45|Any CPU
		{9D13B739-62B1-4190-B386-7A9547304EB3}.Release|Any CPU.ActiveCfg = Release-net20|Any CPU
		{9D13B739-62B1-4190-B386-7A9547304EB3}.Release|Any CPU.Build.0 = Release-net20|Any CPU
		{9D13B739-62B1-4190-B386-7A9547304EB3}.Release|Mixed Platforms.ActiveCfg = Release-net20|Any CPU
		{9D13B739-62B1-4190-B386-7A9547304EB3}.Release|Mixed Platforms.Build.0 = Release-net20|Any CPU
		{9D13B739-62B1-4190-B386-7A9547304EB3}.Release|x86.ActiveCfg = Release-net20|Any CPU
		{9D13B739-62B1-4190-B386-7A9547304EB3}.Release-net20|Any CPU.ActiveCfg = Release-net20|Any CPU
		{9D13B739-62B1-4190-B386-7A9547304EB3}.Release-net20|Any CPU.Build.0 = Release-net20|Any CPU
		{9D13B739-62B1-4190-B386-7A9547304EB3}.Release-net20|Mixed Platforms.ActiveCfg = Release-net20|Any CPU
		{9D13B739-62B1-4190-B386-7A9547304EB3}.Release-net20|Mixed Platforms.Build.0 = Release-net20|Any CPU
		{9D13B739-62B1-4190-B386-7A9547304EB3}.Release-net20|x86.ActiveCfg = Release-net20|Any CPU
		{9D13B739-62B1-4190-B386-7A9547304EB3}.Release-net35|Any CPU.ActiveCfg = Release-net35|Any CPU
		{9D13B739-62B1-4190-B386-7A9547304EB3}.Release-net35|Any CPU.Build.0 = Release-net35|Any CPU
		{9D13B739-62B1-4190-B386-7A9547304EB3}.Release-net35|Mixed Platforms.ActiveCfg = Release-net35|Any CPU
		{9D13B739-62B1-4190-B386-7A9547304EB3}.Release-net35|Mixed Platforms.Build.0 = Release-net35|Any CPU
		{9D13B739-62B1-4190-B386-7A9547304EB3}.Release-net35|x86.ActiveCfg = Release-net35|Any CPU
		{9D13B739-62B1-4190-B386-7A9547304EB3}.Release-net40|Any CPU.ActiveCfg = Release-net40|Any CPU
		{9D13B739-62B1-4190-B386-7A9547304EB3}.Release-net40|Any CPU.Build.0 = Release-net40|Any CPU
		{9D13B739-62B1-4190-B386-7A9547304EB3}.Release-net40|Mixed Platforms.ActiveCfg = Release-net40|Any CPU
		{9D13B739-62B1-4190-B386-7A9547304EB3}.Release-net40|Mixed Platforms.Build.0 = Release-net40|Any CPU
		{9D13B739-62B1-4190-B386-7A9547304EB3}.Release-net40|x86.ActiveCfg = Release-net40|Any CPU
		{9D13B739-62B1-4190-B386-7A9547304EB3}.Release-net45|Any CPU.ActiveCfg = Release-net45|Any CPU
		{9D13B739-62B1-4190-B386-7A9547304EB3}.Release-net45|Any CPU.Build.0 = Release-net45|Any CPU
		{9D13B739-62B1-4190-B386-7A9547304EB3}.Release-net45|Mixed Platforms.ActiveCfg = Release-net45|Any CPU
		{9D13B739-62B1-4190-B386-7A9547304EB3}.Release-net45|Mixed Platforms.Build.0 = Release-net45|Any CPU
		{9D13B739-62B1-4190-B386-7A9547304EB3}.Release-net45|x86.ActiveCfg = Release-net45|Any CPU
		{4338E137-2C5C-42B1-9835-650E4DA7BBC8}.Debug|Any CPU.ActiveCfg = Debug|Any CPU
		{4338E137-2C5C-42B1-9835-650E4DA7BBC8}.Debug|Any CPU.Build.0 = Debug|Any CPU
		{4338E137-2C5C-42B1-9835-650E4DA7BBC8}.Debug|Mixed Platforms.ActiveCfg = Debug|Any CPU
		{4338E137-2C5C-42B1-9835-650E4DA7BBC8}.Debug|Mixed Platforms.Build.0 = Debug|Any CPU
		{4338E137-2C5C-42B1-9835-650E4DA7BBC8}.Debug|x86.ActiveCfg = Debug|Any CPU
		{4338E137-2C5C-42B1-9835-650E4DA7BBC8}.Debug|x86.Build.0 = Debug|Any CPU
		{4338E137-2C5C-42B1-9835-650E4DA7BBC8}.Debug-net20|Any CPU.ActiveCfg = Debug|Any CPU
		{4338E137-2C5C-42B1-9835-650E4DA7BBC8}.Debug-net20|Any CPU.Build.0 = Debug|Any CPU
		{4338E137-2C5C-42B1-9835-650E4DA7BBC8}.Debug-net20|Mixed Platforms.ActiveCfg = Debug|Any CPU
		{4338E137-2C5C-42B1-9835-650E4DA7BBC8}.Debug-net20|Mixed Platforms.Build.0 = Debug|Any CPU
		{4338E137-2C5C-42B1-9835-650E4DA7BBC8}.Debug-net20|x86.ActiveCfg = Debug|Any CPU
		{4338E137-2C5C-42B1-9835-650E4DA7BBC8}.Debug-net35|Any CPU.ActiveCfg = Debug|Any CPU
		{4338E137-2C5C-42B1-9835-650E4DA7BBC8}.Debug-net35|Any CPU.Build.0 = Debug|Any CPU
		{4338E137-2C5C-42B1-9835-650E4DA7BBC8}.Debug-net35|Mixed Platforms.ActiveCfg = Debug|Any CPU
		{4338E137-2C5C-42B1-9835-650E4DA7BBC8}.Debug-net35|Mixed Platforms.Build.0 = Debug|Any CPU
		{4338E137-2C5C-42B1-9835-650E4DA7BBC8}.Debug-net35|x86.ActiveCfg = Debug|Any CPU
		{4338E137-2C5C-42B1-9835-650E4DA7BBC8}.Debug-net40|Any CPU.ActiveCfg = Debug|Any CPU
		{4338E137-2C5C-42B1-9835-650E4DA7BBC8}.Debug-net40|Any CPU.Build.0 = Debug|Any CPU
		{4338E137-2C5C-42B1-9835-650E4DA7BBC8}.Debug-net40|Mixed Platforms.ActiveCfg = Debug|Any CPU
		{4338E137-2C5C-42B1-9835-650E4DA7BBC8}.Debug-net40|Mixed Platforms.Build.0 = Debug|Any CPU
		{4338E137-2C5C-42B1-9835-650E4DA7BBC8}.Debug-net40|x86.ActiveCfg = Debug|Any CPU
		{4338E137-2C5C-42B1-9835-650E4DA7BBC8}.Debug-net45|Any CPU.ActiveCfg = Debug|Any CPU
		{4338E137-2C5C-42B1-9835-650E4DA7BBC8}.Debug-net45|Any CPU.Build.0 = Debug|Any CPU
		{4338E137-2C5C-42B1-9835-650E4DA7BBC8}.Debug-net45|Mixed Platforms.ActiveCfg = Debug|Any CPU
		{4338E137-2C5C-42B1-9835-650E4DA7BBC8}.Debug-net45|Mixed Platforms.Build.0 = Debug|Any CPU
		{4338E137-2C5C-42B1-9835-650E4DA7BBC8}.Debug-net45|x86.ActiveCfg = Debug|Any CPU
		{4338E137-2C5C-42B1-9835-650E4DA7BBC8}.Release|Any CPU.ActiveCfg = Release|Any CPU
		{4338E137-2C5C-42B1-9835-650E4DA7BBC8}.Release|Any CPU.Build.0 = Release|Any CPU
		{4338E137-2C5C-42B1-9835-650E4DA7BBC8}.Release|Mixed Platforms.ActiveCfg = Release|Any CPU
		{4338E137-2C5C-42B1-9835-650E4DA7BBC8}.Release|Mixed Platforms.Build.0 = Release|Any CPU
		{4338E137-2C5C-42B1-9835-650E4DA7BBC8}.Release|x86.ActiveCfg = Release|Any CPU
		{4338E137-2C5C-42B1-9835-650E4DA7BBC8}.Release-net20|Any CPU.ActiveCfg = Release|Any CPU
		{4338E137-2C5C-42B1-9835-650E4DA7BBC8}.Release-net20|Any CPU.Build.0 = Release|Any CPU
		{4338E137-2C5C-42B1-9835-650E4DA7BBC8}.Release-net20|Mixed Platforms.ActiveCfg = Release|Any CPU
		{4338E137-2C5C-42B1-9835-650E4DA7BBC8}.Release-net20|Mixed Platforms.Build.0 = Release|Any CPU
		{4338E137-2C5C-42B1-9835-650E4DA7BBC8}.Release-net20|x86.ActiveCfg = Release|Any CPU
		{4338E137-2C5C-42B1-9835-650E4DA7BBC8}.Release-net35|Any CPU.ActiveCfg = Release|Any CPU
		{4338E137-2C5C-42B1-9835-650E4DA7BBC8}.Release-net35|Any CPU.Build.0 = Release|Any CPU
		{4338E137-2C5C-42B1-9835-650E4DA7BBC8}.Release-net35|Mixed Platforms.ActiveCfg = Release|Any CPU
		{4338E137-2C5C-42B1-9835-650E4DA7BBC8}.Release-net35|Mixed Platforms.Build.0 = Release|Any CPU
		{4338E137-2C5C-42B1-9835-650E4DA7BBC8}.Release-net35|x86.ActiveCfg = Release|Any CPU
		{4338E137-2C5C-42B1-9835-650E4DA7BBC8}.Release-net40|Any CPU.ActiveCfg = Release|Any CPU
		{4338E137-2C5C-42B1-9835-650E4DA7BBC8}.Release-net40|Any CPU.Build.0 = Release|Any CPU
		{4338E137-2C5C-42B1-9835-650E4DA7BBC8}.Release-net40|Mixed Platforms.ActiveCfg = Release|Any CPU
		{4338E137-2C5C-42B1-9835-650E4DA7BBC8}.Release-net40|Mixed Platforms.Build.0 = Release|Any CPU
		{4338E137-2C5C-42B1-9835-650E4DA7BBC8}.Release-net40|x86.ActiveCfg = Release|Any CPU
		{4338E137-2C5C-42B1-9835-650E4DA7BBC8}.Release-net45|Any CPU.ActiveCfg = Release|Any CPU
		{4338E137-2C5C-42B1-9835-650E4DA7BBC8}.Release-net45|Any CPU.Build.0 = Release|Any CPU
		{4338E137-2C5C-42B1-9835-650E4DA7BBC8}.Release-net45|Mixed Platforms.ActiveCfg = Release|Any CPU
		{4338E137-2C5C-42B1-9835-650E4DA7BBC8}.Release-net45|Mixed Platforms.Build.0 = Release|Any CPU
		{4338E137-2C5C-42B1-9835-650E4DA7BBC8}.Release-net45|x86.ActiveCfg = Release|Any CPU
		{C6FE84E6-59F7-43A1-93E7-251457220788}.Debug|Any CPU.ActiveCfg = Debug|Any CPU
		{C6FE84E6-59F7-43A1-93E7-251457220788}.Debug|Any CPU.Build.0 = Debug|Any CPU
		{C6FE84E6-59F7-43A1-93E7-251457220788}.Debug|Mixed Platforms.ActiveCfg = Debug|Any CPU
		{C6FE84E6-59F7-43A1-93E7-251457220788}.Debug|Mixed Platforms.Build.0 = Debug|Any CPU
		{C6FE84E6-59F7-43A1-93E7-251457220788}.Debug|x86.ActiveCfg = Debug|Any CPU
		{C6FE84E6-59F7-43A1-93E7-251457220788}.Debug|x86.Build.0 = Debug|Any CPU
		{C6FE84E6-59F7-43A1-93E7-251457220788}.Debug-net20|Any CPU.ActiveCfg = Debug|Any CPU
		{C6FE84E6-59F7-43A1-93E7-251457220788}.Debug-net20|Any CPU.Build.0 = Debug|Any CPU
		{C6FE84E6-59F7-43A1-93E7-251457220788}.Debug-net20|Mixed Platforms.ActiveCfg = Debug|Any CPU
		{C6FE84E6-59F7-43A1-93E7-251457220788}.Debug-net20|Mixed Platforms.Build.0 = Debug|Any CPU
		{C6FE84E6-59F7-43A1-93E7-251457220788}.Debug-net20|x86.ActiveCfg = Debug|Any CPU
		{C6FE84E6-59F7-43A1-93E7-251457220788}.Debug-net35|Any CPU.ActiveCfg = Debug|Any CPU
		{C6FE84E6-59F7-43A1-93E7-251457220788}.Debug-net35|Any CPU.Build.0 = Debug|Any CPU
		{C6FE84E6-59F7-43A1-93E7-251457220788}.Debug-net35|Mixed Platforms.ActiveCfg = Debug|Any CPU
		{C6FE84E6-59F7-43A1-93E7-251457220788}.Debug-net35|Mixed Platforms.Build.0 = Debug|Any CPU
		{C6FE84E6-59F7-43A1-93E7-251457220788}.Debug-net35|x86.ActiveCfg = Debug|Any CPU
		{C6FE84E6-59F7-43A1-93E7-251457220788}.Debug-net40|Any CPU.ActiveCfg = Debug|Any CPU
		{C6FE84E6-59F7-43A1-93E7-251457220788}.Debug-net40|Any CPU.Build.0 = Debug|Any CPU
		{C6FE84E6-59F7-43A1-93E7-251457220788}.Debug-net40|Mixed Platforms.ActiveCfg = Debug|Any CPU
		{C6FE84E6-59F7-43A1-93E7-251457220788}.Debug-net40|Mixed Platforms.Build.0 = Debug|Any CPU
		{C6FE84E6-59F7-43A1-93E7-251457220788}.Debug-net40|x86.ActiveCfg = Debug|Any CPU
		{C6FE84E6-59F7-43A1-93E7-251457220788}.Debug-net45|Any CPU.ActiveCfg = Debug|Any CPU
		{C6FE84E6-59F7-43A1-93E7-251457220788}.Debug-net45|Any CPU.Build.0 = Debug|Any CPU
		{C6FE84E6-59F7-43A1-93E7-251457220788}.Debug-net45|Mixed Platforms.ActiveCfg = Debug|Any CPU
		{C6FE84E6-59F7-43A1-93E7-251457220788}.Debug-net45|Mixed Platforms.Build.0 = Debug|Any CPU
		{C6FE84E6-59F7-43A1-93E7-251457220788}.Debug-net45|x86.ActiveCfg = Debug|Any CPU
		{C6FE84E6-59F7-43A1-93E7-251457220788}.Release|Any CPU.ActiveCfg = Release|Any CPU
		{C6FE84E6-59F7-43A1-93E7-251457220788}.Release|Any CPU.Build.0 = Release|Any CPU
		{C6FE84E6-59F7-43A1-93E7-251457220788}.Release|Mixed Platforms.ActiveCfg = Release|Any CPU
		{C6FE84E6-59F7-43A1-93E7-251457220788}.Release|Mixed Platforms.Build.0 = Release|Any CPU
		{C6FE84E6-59F7-43A1-93E7-251457220788}.Release|x86.ActiveCfg = Release|Any CPU
		{C6FE84E6-59F7-43A1-93E7-251457220788}.Release-net20|Any CPU.ActiveCfg = Release|Any CPU
		{C6FE84E6-59F7-43A1-93E7-251457220788}.Release-net20|Any CPU.Build.0 = Release|Any CPU
		{C6FE84E6-59F7-43A1-93E7-251457220788}.Release-net20|Mixed Platforms.ActiveCfg = Release|Any CPU
		{C6FE84E6-59F7-43A1-93E7-251457220788}.Release-net20|Mixed Platforms.Build.0 = Release|Any CPU
		{C6FE84E6-59F7-43A1-93E7-251457220788}.Release-net20|x86.ActiveCfg = Release|Any CPU
		{C6FE84E6-59F7-43A1-93E7-251457220788}.Release-net35|Any CPU.ActiveCfg = Release|Any CPU
		{C6FE84E6-59F7-43A1-93E7-251457220788}.Release-net35|Any CPU.Build.0 = Release|Any CPU
		{C6FE84E6-59F7-43A1-93E7-251457220788}.Release-net35|Mixed Platforms.ActiveCfg = Release|Any CPU
		{C6FE84E6-59F7-43A1-93E7-251457220788}.Release-net35|Mixed Platforms.Build.0 = Release|Any CPU
		{C6FE84E6-59F7-43A1-93E7-251457220788}.Release-net35|x86.ActiveCfg = Release|Any CPU
		{C6FE84E6-59F7-43A1-93E7-251457220788}.Release-net40|Any CPU.ActiveCfg = Release|Any CPU
		{C6FE84E6-59F7-43A1-93E7-251457220788}.Release-net40|Any CPU.Build.0 = Release|Any CPU
		{C6FE84E6-59F7-43A1-93E7-251457220788}.Release-net40|Mixed Platforms.ActiveCfg = Release|Any CPU
		{C6FE84E6-59F7-43A1-93E7-251457220788}.Release-net40|Mixed Platforms.Build.0 = Release|Any CPU
		{C6FE84E6-59F7-43A1-93E7-251457220788}.Release-net40|x86.ActiveCfg = Release|Any CPU
		{C6FE84E6-59F7-43A1-93E7-251457220788}.Release-net45|Any CPU.ActiveCfg = Release|Any CPU
		{C6FE84E6-59F7-43A1-93E7-251457220788}.Release-net45|Any CPU.Build.0 = Release|Any CPU
		{C6FE84E6-59F7-43A1-93E7-251457220788}.Release-net45|Mixed Platforms.ActiveCfg = Release|Any CPU
		{C6FE84E6-59F7-43A1-93E7-251457220788}.Release-net45|Mixed Platforms.Build.0 = Release|Any CPU
		{C6FE84E6-59F7-43A1-93E7-251457220788}.Release-net45|x86.ActiveCfg = Release|Any CPU
	EndGlobalSection
	GlobalSection(SolutionProperties) = preSolution
		HideSolutionNode = FALSE
	EndGlobalSection
EndGlobal
